
Microsoft Visual Studio Solution File, Format Version 12.00
# Visual Studio Version 17
VisualStudioVersion = 17.7.33808.371
MinimumVisualStudioVersion = 10.0.40219.1
Project("{9A19103F-16F7-4668-BE54-9A1E7A4F7556}") = "MauiBugTestApp", "MauiApp1\MauiBugTestApp.csproj", "{00C4ADCD-ABBC-462B-80B2-EFF82A8E2D79}"
EndProject
Global
	GlobalSection(SolutionConfigurationPlatforms) = preSolution
		Debug|Any CPU = Debug|Any CPU
		Release|Any CPU = Release|Any CPU
	EndGlobalSection
	GlobalSection(ProjectConfigurationPlatforms) = postSolution
		{00C4ADCD-ABBC-462B-80B2-EFF82A8E2D79}.Debug|Any CPU.ActiveCfg = Debug|Any CPU
		{00C4ADCD-ABBC-462B-80B2-EFF82A8E2D79}.Debug|Any CPU.Build.0 = Debug|Any CPU
		{00C4ADCD-ABBC-462B-80B2-EFF82A8E2D79}.Debug|Any CPU.Deploy.0 = Debug|Any CPU
		{00C4ADCD-ABBC-462B-80B2-EFF82A8E2D79}.Release|Any CPU.ActiveCfg = Release|Any CPU
		{00C4ADCD-ABBC-462B-80B2-EFF82A8E2D79}.Release|Any CPU.Build.0 = Release|Any CPU
		{00C4ADCD-ABBC-462B-80B2-EFF82A8E2D79}.Release|Any CPU.Deploy.0 = Release|Any CPU
	EndGlobalSection
	GlobalSection(SolutionProperties) = preSolution
		HideSolutionNode = FALSE
	EndGlobalSection
	GlobalSection(ExtensibilityGlobals) = postSolution
		SolutionGuid = {880F580B-9A1F-4C08-AC10-94E0897CBED7}
	EndGlobalSection
EndGlobal
